// !$*UTF8*$!
{
	archiveVersion = 1;
	classes = {
	};
	objectVersion = 46;
	objects = {

/* Begin PBXBuildFile section */
		9744C2BE1B4B71AC008F43BE /* StyleKitName.m in Sources */ = {isa = PBXBuildFile; fileRef = 9744C2BD1B4B71AC008F43BE /* StyleKitName.m */; };
		9744C2C81B4B79F4008F43BE /* BGView.m in Sources */ = {isa = PBXBuildFile; fileRef = 9744C2C71B4B79F4008F43BE /* BGView.m */; };
		97B84C021B487398001C854C /* main.m in Sources */ = {isa = PBXBuildFile; fileRef = 97B84C011B487398001C854C /* main.m */; };
		97B84C051B487398001C854C /* AppDelegate.m in Sources */ = {isa = PBXBuildFile; fileRef = 97B84C041B487398001C854C /* AppDelegate.m */; };
		97B84C081B487398001C854C /* ViewController.m in Sources */ = {isa = PBXBuildFile; fileRef = 97B84C071B487398001C854C /* ViewController.m */; };
		97B84C0B1B487398001C854C /* Main.storyboard in Resources */ = {isa = PBXBuildFile; fileRef = 97B84C091B487398001C854C /* Main.storyboard */; };
		97B84C0D1B487398001C854C /* Images.xcassets in Resources */ = {isa = PBXBuildFile; fileRef = 97B84C0C1B487398001C854C /* Images.xcassets */; };
		97B84C101B487398001C854C /* LaunchScreen.xib in Resources */ = {isa = PBXBuildFile; fileRef = 97B84C0E1B487398001C854C /* LaunchScreen.xib */; };
		97B84C1C1B487398001C854C /* TelephoneTests.m in Sources */ = {isa = PBXBuildFile; fileRef = 97B84C1B1B487398001C854C /* TelephoneTests.m */; };
		97BA19921B88F31D00DC31A8 /* CardCell.m in Sources */ = {isa = PBXBuildFile; fileRef = 97BA19901B88F31D00DC31A8 /* CardCell.m */; };
		97BA19931B88F31D00DC31A8 /* CardCell.xib in Resources */ = {isa = PBXBuildFile; fileRef = 97BA19911B88F31D00DC31A8 /* CardCell.xib */; };
		97BAD46D1B8768CF00AA6F0E /* NotesViewController.m in Sources */ = {isa = PBXBuildFile; fileRef = 97BAD46C1B8768CF00AA6F0E /* NotesViewController.m */; };
		97CAE9BD1B7D75CC00B360BC /* RequestsAPI.m in Sources */ = {isa = PBXBuildFile; fileRef = 97CAE9BC1B7D75CC00B360BC /* RequestsAPI.m */; };
		97CDAEB91B7E7D1F00039E18 /* BGPROView.m in Sources */ = {isa = PBXBuildFile; fileRef = 97CDAEB81B7E7D1F00039E18 /* BGPROView.m */; };
		97CDAEC41B7F9B1200039E18 /* BGMSGView.m in Sources */ = {isa = PBXBuildFile; fileRef = 97CDAEC31B7F9B1200039E18 /* BGMSGView.m */; };
		97CDAEC71B81731F00039E18 /* OBJCard.m in Sources */ = {isa = PBXBuildFile; fileRef = 97CDAEC61B81731F00039E18 /* OBJCard.m */; };
		97FD1F031B7E332B00741A19 /* ProfileViewController.m in Sources */ = {isa = PBXBuildFile; fileRef = 97FD1F021B7E332B00741A19 /* ProfileViewController.m */; };
/* End PBXBuildFile section */

/* Begin PBXContainerItemProxy section */
		97B84C161B487398001C854C /* PBXContainerItemProxy */ = {
			isa = PBXContainerItemProxy;
			containerPortal = 97B84BF41B487398001C854C /* Project object */;
			proxyType = 1;
			remoteGlobalIDString = 97B84BFB1B487398001C854C;
			remoteInfo = Telephone;
		};
/* End PBXContainerItemProxy section */

/* Begin PBXFileReference section */
		9744C2BC1B4B71AC008F43BE /* StyleKitName.h */ = {isa = PBXFileReference; fileEncoding = 4; lastKnownFileType = sourcecode.c.h; name = StyleKitName.h; path = Telephone/StyleKitName.h; sourceTree = "<group>"; };
		9744C2BD1B4B71AC008F43BE /* StyleKitName.m */ = {isa = PBXFileReference; fileEncoding = 4; lastKnownFileType = sourcecode.c.objc; name = StyleKitName.m; path = Telephone/StyleKitName.m; sourceTree = "<group>"; };
		9744C2C61B4B79F4008F43BE /* BGView.h */ = {isa = PBXFileReference; fileEncoding = 4; lastKnownFileType = sourcecode.c.h; path = BGView.h; sourceTree = "<group>"; };
		9744C2C71B4B79F4008F43BE /* BGView.m */ = {isa = PBXFileReference; fileEncoding = 4; lastKnownFileType = sourcecode.c.objc; path = BGView.m; sourceTree = "<group>"; };
		97B84BFC1B487398001C854C /* Telephone.app */ = {isa = PBXFileReference; explicitFileType = wrapper.application; includeInIndex = 0; path = Telephone.app; sourceTree = BUILT_PRODUCTS_DIR; };
		97B84C001B487398001C854C /* Info.plist */ = {isa = PBXFileReference; lastKnownFileType = text.plist.xml; path = Info.plist; sourceTree = "<group>"; };
		97B84C011B487398001C854C /* main.m */ = {isa = PBXFileReference; lastKnownFileType = sourcecode.c.objc; path = main.m; sourceTree = "<group>"; };
		97B84C031B487398001C854C /* AppDelegate.h */ = {isa = PBXFileReference; lastKnownFileType = sourcecode.c.h; path = AppDelegate.h; sourceTree = "<group>"; };
		97B84C041B487398001C854C /* AppDelegate.m */ = {isa = PBXFileReference; lastKnownFileType = sourcecode.c.objc; path = AppDelegate.m; sourceTree = "<group>"; };
		97B84C061B487398001C854C /* ViewController.h */ = {isa = PBXFileReference; lastKnownFileType = sourcecode.c.h; path = ViewController.h; sourceTree = "<group>"; };
		97B84C071B487398001C854C /* ViewController.m */ = {isa = PBXFileReference; lastKnownFileType = sourcecode.c.objc; path = ViewController.m; sourceTree = "<group>"; };
		97B84C0A1B487398001C854C /* Base */ = {isa = PBXFileReference; lastKnownFileType = file.storyboard; name = Base; path = Base.lproj/Main.storyboard; sourceTree = "<group>"; };
		97B84C0C1B487398001C854C /* Images.xcassets */ = {isa = PBXFileReference; lastKnownFileType = folder.assetcatalog; path = Images.xcassets; sourceTree = "<group>"; };
		97B84C0F1B487398001C854C /* Base */ = {isa = PBXFileReference; lastKnownFileType = file.xib; name = Base; path = Base.lproj/LaunchScreen.xib; sourceTree = "<group>"; };
		97B84C151B487398001C854C /* TelephoneTests.xctest */ = {isa = PBXFileReference; explicitFileType = wrapper.cfbundle; includeInIndex = 0; path = TelephoneTests.xctest; sourceTree = BUILT_PRODUCTS_DIR; };
		97B84C1A1B487398001C854C /* Info.plist */ = {isa = PBXFileReference; lastKnownFileType = text.plist.xml; path = Info.plist; sourceTree = "<group>"; };
		97B84C1B1B487398001C854C /* TelephoneTests.m */ = {isa = PBXFileReference; lastKnownFileType = sourcecode.c.objc; path = TelephoneTests.m; sourceTree = "<group>"; };
		97BA198F1B88F31D00DC31A8 /* CardCell.h */ = {isa = PBXFileReference; fileEncoding = 4; lastKnownFileType = sourcecode.c.h; path = CardCell.h; sourceTree = "<group>"; };
		97BA19901B88F31D00DC31A8 /* CardCell.m */ = {isa = PBXFileReference; fileEncoding = 4; lastKnownFileType = sourcecode.c.objc; path = CardCell.m; sourceTree = "<group>"; };
		97BA19911B88F31D00DC31A8 /* CardCell.xib */ = {isa = PBXFileReference; fileEncoding = 4; lastKnownFileType = file.xib; path = CardCell.xib; sourceTree = "<group>"; };
		97BAD46B1B8768CF00AA6F0E /* NotesViewController.h */ = {isa = PBXFileReference; fileEncoding = 4; lastKnownFileType = sourcecode.c.h; path = NotesViewController.h; sourceTree = "<group>"; };
		97BAD46C1B8768CF00AA6F0E /* NotesViewController.m */ = {isa = PBXFileReference; fileEncoding = 4; lastKnownFileType = sourcecode.c.objc; path = NotesViewController.m; sourceTree = "<group>"; };
		97C00C5F1B54B55500B4EBB9 /* Telephone-Bridging-Header.h */ = {isa = PBXFileReference; lastKnownFileType = sourcecode.c.h; path = "Telephone-Bridging-Header.h"; sourceTree = "<group>"; };
		97CAE9BB1B7D75CC00B360BC /* RequestsAPI.h */ = {isa = PBXFileReference; fileEncoding = 4; lastKnownFileType = sourcecode.c.h; path = RequestsAPI.h; sourceTree = "<group>"; };
		97CAE9BC1B7D75CC00B360BC /* RequestsAPI.m */ = {isa = PBXFileReference; fileEncoding = 4; lastKnownFileType = sourcecode.c.objc; path = RequestsAPI.m; sourceTree = "<group>"; };
		97CDAEB71B7E7D1F00039E18 /* BGPROView.h */ = {isa = PBXFileReference; fileEncoding = 4; lastKnownFileType = sourcecode.c.h; name = BGPROView.h; path = Telephone/Views/BGPROView.h; sourceTree = "<group>"; };
		97CDAEB81B7E7D1F00039E18 /* BGPROView.m */ = {isa = PBXFileReference; fileEncoding = 4; lastKnownFileType = sourcecode.c.objc; name = BGPROView.m; path = Telephone/Views/BGPROView.m; sourceTree = "<group>"; };
		97CDAEC21B7F9B1200039E18 /* BGMSGView.h */ = {isa = PBXFileReference; fileEncoding = 4; lastKnownFileType = sourcecode.c.h; path = BGMSGView.h; sourceTree = "<group>"; };
		97CDAEC31B7F9B1200039E18 /* BGMSGView.m */ = {isa = PBXFileReference; fileEncoding = 4; lastKnownFileType = sourcecode.c.objc; path = BGMSGView.m; sourceTree = "<group>"; };
		97CDAEC51B81731F00039E18 /* OBJCard.h */ = {isa = PBXFileReference; fileEncoding = 4; lastKnownFileType = sourcecode.c.h; name = OBJCard.h; path = Telephone/Views/OBJCard.h; sourceTree = "<group>"; };
		97CDAEC61B81731F00039E18 /* OBJCard.m */ = {isa = PBXFileReference; fileEncoding = 4; lastKnownFileType = sourcecode.c.objc; name = OBJCard.m; path = Telephone/Views/OBJCard.m; sourceTree = "<group>"; };
		97FD1F011B7E332B00741A19 /* ProfileViewController.h */ = {isa = PBXFileReference; fileEncoding = 4; lastKnownFileType = sourcecode.c.h; path = ProfileViewController.h; sourceTree = "<group>"; };
		97FD1F021B7E332B00741A19 /* ProfileViewController.m */ = {isa = PBXFileReference; fileEncoding = 4; lastKnownFileType = sourcecode.c.objc; path = ProfileViewController.m; sourceTree = "<group>"; };
/* End PBXFileReference section */

/* Begin PBXFrameworksBuildPhase section */
		97B84BF91B487398001C854C /* Frameworks */ = {
			isa = PBXFrameworksBuildPhase;
			buildActionMask = 2147483647;
			files = (
			);
			runOnlyForDeploymentPostprocessing = 0;
		};
		97B84C121B487398001C854C /* Frameworks */ = {
			isa = PBXFrameworksBuildPhase;
			buildActionMask = 2147483647;
			files = (
			);
			runOnlyForDeploymentPostprocessing = 0;
		};
/* End PBXFrameworksBuildPhase section */

/* Begin PBXGroup section */
		97B84BF31B487398001C854C = {
			isa = PBXGroup;
			children = (
				97BA198F1B88F31D00DC31A8 /* CardCell.h */,
				97BA19901B88F31D00DC31A8 /* CardCell.m */,
				97BA19911B88F31D00DC31A8 /* CardCell.xib */,
				97CDAEBB1B7E806A00039E18 /* Views */,
				97B84BFE1B487398001C854C /* Telephone */,
				97B84C181B487398001C854C /* TelephoneTests */,
				97B84BFD1B487398001C854C /* Products */,
				97C00C5F1B54B55500B4EBB9 /* Telephone-Bridging-Header.h */,
			);
			sourceTree = "<group>";
		};
		97B84BFD1B487398001C854C /* Products */ = {
			isa = PBXGroup;
			children = (
				97B84BFC1B487398001C854C /* Telephone.app */,
				97B84C151B487398001C854C /* TelephoneTests.xctest */,
			);
			name = Products;
			sourceTree = "<group>";
		};
		97B84BFE1B487398001C854C /* Telephone */ = {
			isa = PBXGroup;
			children = (
				97BAD46B1B8768CF00AA6F0E /* NotesViewController.h */,
				97BAD46C1B8768CF00AA6F0E /* NotesViewController.m */,
				97B84C031B487398001C854C /* AppDelegate.h */,
				97B84C041B487398001C854C /* AppDelegate.m */,
				97B84C061B487398001C854C /* ViewController.h */,
				97B84C071B487398001C854C /* ViewController.m */,
				97FD1F011B7E332B00741A19 /* ProfileViewController.h */,
				97FD1F021B7E332B00741A19 /* ProfileViewController.m */,
				97CAE9BB1B7D75CC00B360BC /* RequestsAPI.h */,
				97CAE9BC1B7D75CC00B360BC /* RequestsAPI.m */,
				97B84C091B487398001C854C /* Main.storyboard */,
				97B84C0C1B487398001C854C /* Images.xcassets */,
				97B84C0E1B487398001C854C /* LaunchScreen.xib */,
				97B84BFF1B487398001C854C /* Supporting Files */,
			);
			path = Telephone;
			sourceTree = "<group>";
		};
		97B84BFF1B487398001C854C /* Supporting Files */ = {
			isa = PBXGroup;
			children = (
				97B84C001B487398001C854C /* Info.plist */,
				97B84C011B487398001C854C /* main.m */,
			);
			name = "Supporting Files";
			sourceTree = "<group>";
		};
		97B84C181B487398001C854C /* TelephoneTests */ = {
			isa = PBXGroup;
			children = (
				97B84C1B1B487398001C854C /* TelephoneTests.m */,
				97B84C191B487398001C854C /* Supporting Files */,
			);
			path = TelephoneTests;
			sourceTree = "<group>";
		};
		97B84C191B487398001C854C /* Supporting Files */ = {
			isa = PBXGroup;
			children = (
				97B84C1A1B487398001C854C /* Info.plist */,
			);
			name = "Supporting Files";
			sourceTree = "<group>";
		};
		97CDAEBB1B7E806A00039E18 /* Views */ = {
			isa = PBXGroup;
			children = (
				97CDAEC51B81731F00039E18 /* OBJCard.h */,
				97CDAEC61B81731F00039E18 /* OBJCard.m */,
				9744C2BC1B4B71AC008F43BE /* StyleKitName.h */,
				9744C2BD1B4B71AC008F43BE /* StyleKitName.m */,
				9744C2C61B4B79F4008F43BE /* BGView.h */,
				9744C2C71B4B79F4008F43BE /* BGView.m */,
				97CDAEB71B7E7D1F00039E18 /* BGPROView.h */,
				97CDAEB81B7E7D1F00039E18 /* BGPROView.m */,
				97CDAEC21B7F9B1200039E18 /* BGMSGView.h */,
				97CDAEC31B7F9B1200039E18 /* BGMSGView.m */,
			);
			name = Views;
			sourceTree = "<group>";
		};
/* End PBXGroup section */

/* Begin PBXNativeTarget section */
		97B84BFB1B487398001C854C /* Telephone */ = {
			isa = PBXNativeTarget;
			buildConfigurationList = 97B84C1F1B487398001C854C /* Build configuration list for PBXNativeTarget "Telephone" */;
			buildPhases = (
				97B84BF81B487398001C854C /* Sources */,
				97B84BF91B487398001C854C /* Frameworks */,
				97B84BFA1B487398001C854C /* Resources */,
			);
			buildRules = (
			);
			dependencies = (
			);
			name = Telephone;
			productName = Telephone;
			productReference = 97B84BFC1B487398001C854C /* Telephone.app */;
			productType = "com.apple.product-type.application";
		};
		97B84C141B487398001C854C /* TelephoneTests */ = {
			isa = PBXNativeTarget;
			buildConfigurationList = 97B84C221B487398001C854C /* Build configuration list for PBXNativeTarget "TelephoneTests" */;
			buildPhases = (
				97B84C111B487398001C854C /* Sources */,
				97B84C121B487398001C854C /* Frameworks */,
				97B84C131B487398001C854C /* Resources */,
			);
			buildRules = (
			);
			dependencies = (
				97B84C171B487398001C854C /* PBXTargetDependency */,
			);
			name = TelephoneTests;
			productName = TelephoneTests;
			productReference = 97B84C151B487398001C854C /* TelephoneTests.xctest */;
			productType = "com.apple.product-type.bundle.unit-test";
		};
/* End PBXNativeTarget section */

/* Begin PBXProject section */
		97B84BF41B487398001C854C /* Project object */ = {
			isa = PBXProject;
			attributes = {
				LastUpgradeCheck = 0640;
				ORGANIZATIONNAME = "Philron William Hozier";
				TargetAttributes = {
					97B84BFB1B487398001C854C = {
						CreatedOnToolsVersion = 6.4;
					};
					97B84C141B487398001C854C = {
						CreatedOnToolsVersion = 6.4;
						TestTargetID = 97B84BFB1B487398001C854C;
					};
				};
			};
			buildConfigurationList = 97B84BF71B487398001C854C /* Build configuration list for PBXProject "Telephone" */;
			compatibilityVersion = "Xcode 3.2";
			developmentRegion = English;
			hasScannedForEncodings = 0;
			knownRegions = (
				en,
				Base,
			);
			mainGroup = 97B84BF31B487398001C854C;
			productRefGroup = 97B84BFD1B487398001C854C /* Products */;
			projectDirPath = "";
			projectRoot = "";
			targets = (
				97B84BFB1B487398001C854C /* Telephone */,
				97B84C141B487398001C854C /* TelephoneTests */,
			);
		};
/* End PBXProject section */

/* Begin PBXResourcesBuildPhase section */
		97B84BFA1B487398001C854C /* Resources */ = {
			isa = PBXResourcesBuildPhase;
			buildActionMask = 2147483647;
			files = (
				97B84C0B1B487398001C854C /* Main.storyboard in Resources */,
				97B84C101B487398001C854C /* LaunchScreen.xib in Resources */,
				97B84C0D1B487398001C854C /* Images.xcassets in Resources */,
				97BA19931B88F31D00DC31A8 /* CardCell.xib in Resources */,
			);
			runOnlyForDeploymentPostprocessing = 0;
		};
		97B84C131B487398001C854C /* Resources */ = {
			isa = PBXResourcesBuildPhase;
			buildActionMask = 2147483647;
			files = (
			);
			runOnlyForDeploymentPostprocessing = 0;
		};
/* End PBXResourcesBuildPhase section */

/* Begin PBXSourcesBuildPhase section */
		97B84BF81B487398001C854C /* Sources */ = {
			isa = PBXSourcesBuildPhase;
			buildActionMask = 2147483647;
			files = (
				97CDAEC41B7F9B1200039E18 /* BGMSGView.m in Sources */,
				97BAD46D1B8768CF00AA6F0E /* NotesViewController.m in Sources */,
				97B84C081B487398001C854C /* ViewController.m in Sources */,
				97BA19921B88F31D00DC31A8 /* CardCell.m in Sources */,
				97B84C051B487398001C854C /* AppDelegate.m in Sources */,
				97CDAEC71B81731F00039E18 /* OBJCard.m in Sources */,
				97B84C021B487398001C854C /* main.m in Sources */,
				97CDAEB91B7E7D1F00039E18 /* BGPROView.m in Sources */,
				9744C2BE1B4B71AC008F43BE /* StyleKitName.m in Sources */,
				97FD1F031B7E332B00741A19 /* ProfileViewController.m in Sources */,
				97CAE9BD1B7D75CC00B360BC /* RequestsAPI.m in Sources */,
				9744C2C81B4B79F4008F43BE /* BGView.m in Sources */,
			);
			runOnlyForDeploymentPostprocessing = 0;
		};
		97B84C111B487398001C854C /* Sources */ = {
			isa = PBXSourcesBuildPhase;
			buildActionMask = 2147483647;
			files = (
				97B84C1C1B487398001C854C /* TelephoneTests.m in Sources */,
			);
			runOnlyForDeploymentPostprocessing = 0;
		};
/* End PBXSourcesBuildPhase section */

/* Begin PBXTargetDependency section */
		97B84C171B487398001C854C /* PBXTargetDependency */ = {
			isa = PBXTargetDependency;
			target = 97B84BFB1B487398001C854C /* Telephone */;
			targetProxy = 97B84C161B487398001C854C /* PBXContainerItemProxy */;
		};
/* End PBXTargetDependency section */

/* Begin PBXVariantGroup section */
		97B84C091B487398001C854C /* Main.storyboard */ = {
			isa = PBXVariantGroup;
			children = (
				97B84C0A1B487398001C854C /* Base */,
			);
			name = Main.storyboard;
			sourceTree = "<group>";
		};
		97B84C0E1B487398001C854C /* LaunchScreen.xib */ = {
			isa = PBXVariantGroup;
			children = (
				97B84C0F1B487398001C854C /* Base */,
			);
			name = LaunchScreen.xib;
			sourceTree = "<group>";
		};
/* End PBXVariantGroup section */

/* Begin XCBuildConfiguration section */
		97B84C1D1B487398001C854C /* Debug */ = {
			isa = XCBuildConfiguration;
			buildSettings = {
				ALWAYS_SEARCH_USER_PATHS = NO;
				CLANG_CXX_LANGUAGE_STANDARD = "gnu++0x";
				CLANG_CXX_LIBRARY = "libc++";
				CLANG_ENABLE_MODULES = YES;
				CLANG_ENABLE_OBJC_ARC = YES;
				CLANG_WARN_BOOL_CONVERSION = YES;
				CLANG_WARN_CONSTANT_CONVERSION = YES;
				CLANG_WARN_DIRECT_OBJC_ISA_USAGE = YES_ERROR;
				CLANG_WARN_EMPTY_BODY = YES;
				CLANG_WARN_ENUM_CONVERSION = YES;
				CLANG_WARN_INT_CONVERSION = YES;
				CLANG_WARN_OBJC_ROOT_CLASS = YES_ERROR;
				CLANG_WARN_UNREACHABLE_CODE = YES;
				CLANG_WARN__DUPLICATE_METHOD_MATCH = YES;
				"CODE_SIGN_IDENTITY[sdk=iphoneos*]" = "iPhone Developer";
				COPY_PHASE_STRIP = NO;
				DEBUG_INFORMATION_FORMAT = "dwarf-with-dsym";
				ENABLE_STRICT_OBJC_MSGSEND = YES;
				GCC_C_LANGUAGE_STANDARD = gnu99;
				GCC_DYNAMIC_NO_PIC = NO;
				GCC_NO_COMMON_BLOCKS = YES;
				GCC_OPTIMIZATION_LEVEL = 0;
				GCC_PREPROCESSOR_DEFINITIONS = (
					"DEBUG=1",
					"$(inherited)",
				);
				GCC_SYMBOLS_PRIVATE_EXTERN = NO;
				GCC_WARN_64_TO_32_BIT_CONVERSION = YES;
				GCC_WARN_ABOUT_RETURN_TYPE = YES_ERROR;
				GCC_WARN_UNDECLARED_SELECTOR = YES;
				GCC_WARN_UNINITIALIZED_AUTOS = YES_AGGRESSIVE;
				GCC_WARN_UNUSED_FUNCTION = YES;
				GCC_WARN_UNUSED_VARIABLE = YES;
				IPHONEOS_DEPLOYMENT_TARGET = 8.4;
				MTL_ENABLE_DEBUG_INFO = YES;
				ONLY_ACTIVE_ARCH = YES;
				SDKROOT = iphoneos;
				TARGETED_DEVICE_FAMILY = "1,2";
			};
			name = Debug;
		};
		97B84C1E1B487398001C854C /* Release */ = {
			isa = XCBuildConfiguration;
			buildSettings = {
				ALWAYS_SEARCH_USER_PATHS = NO;
				CLANG_CXX_LANGUAGE_STANDARD = "gnu++0x";
				CLANG_CXX_LIBRARY = "libc++";
				CLANG_ENABLE_MODULES = YES;
				CLANG_ENABLE_OBJC_ARC = YES;
				CLANG_WARN_BOOL_CONVERSION = YES;
				CLANG_WARN_CONSTANT_CONVERSION = YES;
				CLANG_WARN_DIRECT_OBJC_ISA_USAGE = YES_ERROR;
				CLANG_WARN_EMPTY_BODY = YES;
				CLANG_WARN_ENUM_CONVERSION = YES;
				CLANG_WARN_INT_CONVERSION = YES;
				CLANG_WARN_OBJC_ROOT_CLASS = YES_ERROR;
				CLANG_WARN_UNREACHABLE_CODE = YES;
				CLANG_WARN__DUPLICATE_METHOD_MATCH = YES;
				"CODE_SIGN_IDENTITY[sdk=iphoneos*]" = "iPhone Developer";
				COPY_PHASE_STRIP = NO;
				DEBUG_INFORMATION_FORMAT = "dwarf-with-dsym";
				ENABLE_NS_ASSERTIONS = NO;
				ENABLE_STRICT_OBJC_MSGSEND = YES;
				GCC_C_LANGUAGE_STANDARD = gnu99;
				GCC_NO_COMMON_BLOCKS = YES;
				GCC_WARN_64_TO_32_BIT_CONVERSION = YES;
				GCC_WARN_ABOUT_RETURN_TYPE = YES_ERROR;
				GCC_WARN_UNDECLARED_SELECTOR = YES;
				GCC_WARN_UNINITIALIZED_AUTOS = YES_AGGRESSIVE;
				GCC_WARN_UNUSED_FUNCTION = YES;
				GCC_WARN_UNUSED_VARIABLE = YES;
				IPHONEOS_DEPLOYMENT_TARGET = 8.4;
				MTL_ENABLE_DEBUG_INFO = NO;
				SDKROOT = iphoneos;
				TARGETED_DEVICE_FAMILY = "1,2";
				VALIDATE_PRODUCT = YES;
			};
			name = Release;
		};
		97B84C201B487398001C854C /* Debug */ = {
			isa = XCBuildConfiguration;
			buildSettings = {
				ASSETCATALOG_COMPILER_APPICON_NAME = AppIcon;
				CLANG_ENABLE_MODULES = YES;
				DEFINES_MODULE = YES;
				INFOPLIST_FILE = Telephone/Info.plist;
				LD_RUNPATH_SEARCH_PATHS = "$(inherited) @executable_path/Frameworks";
				PRODUCT_MODULE_NAME = Telephone;
				PRODUCT_NAME = "$(TARGET_NAME)";
				SWIFT_OBJC_BRIDGING_HEADER = "Telephone-Bridging-Header.h";
				SWIFT_OPTIMIZATION_LEVEL = "-Onone";
			};
			name = Debug;
		};
		97B84C211B487398001C854C /* Release */ = {
			isa = XCBuildConfiguration;
			buildSettings = {
				ASSETCATALOG_COMPILER_APPICON_NAME = AppIcon;
				CLANG_ENABLE_MODULES = YES;
				DEFINES_MODULE = YES;
				INFOPLIST_FILE = Telephone/Info.plist;
				LD_RUNPATH_SEARCH_PATHS = "$(inherited) @executable_path/Frameworks";
				PRODUCT_MODULE_NAME = Telephone;
				PRODUCT_NAME = "$(TARGET_NAME)";
				SWIFT_OBJC_BRIDGING_HEADER = "Telephone-Bridging-Header.h";
			};
			name = Release;
		};
		97B84C231B487398001C854C /* Debug */ = {
			isa = XCBuildConfiguration;
			buildSettings = {
				BUNDLE_LOADER = "$(TEST_HOST)";
				FRAMEWORK_SEARCH_PATHS = (
					"$(SDKROOT)/Developer/Library/Frameworks",
					"$(inherited)",
				);
				GCC_PREPROCESSOR_DEFINITIONS = (
					"DEBUG=1",
					"$(inherited)",
				);
				INFOPLIST_FILE = TelephoneTests/Info.plist;
				LD_RUNPATH_SEARCH_PATHS = "$(inherited) @executable_path/Frameworks @loader_path/Frameworks";
				PRODUCT_NAME = "$(TARGET_NAME)";
				TEST_HOST = "$(BUILT_PRODUCTS_DIR)/Telephone.app/Telephone";
			};
			name = Debug;
		};
		97B84C241B487398001C854C /* Release */ = {
			isa = XCBuildConfiguration;
			buildSettings = {
				BUNDLE_LOADER = "$(TEST_HOST)";
				FRAMEWORK_SEARCH_PATHS = (
					"$(SDKROOT)/Developer/Library/Frameworks",
					"$(inherited)",
				);
				INFOPLIST_FILE = TelephoneTests/Info.plist;
				LD_RUNPATH_SEARCH_PATHS = "$(inherited) @executable_path/Frameworks @loader_path/Frameworks";
				PRODUCT_NAME = "$(TARGET_NAME)";
				TEST_HOST = "$(BUILT_PRODUCTS_DIR)/Telephone.app/Telephone";
			};
			name = Release;
		};
/* End XCBuildConfiguration section */

/* Begin XCConfigurationList section */
		97B84BF71B487398001C854C /* Build configuration list for PBXProject "Telephone" */ = {
			isa = XCConfigurationList;
			buildConfigurations = (
				97B84C1D1B487398001C854C /* Debug */,
				97B84C1E1B487398001C854C /* Release */,
			);
			defaultConfigurationIsVisible = 0;
			defaultConfigurationName = Release;
		};
		97B84C1F1B487398001C854C /* Build configuration list for PBXNativeTarget "Telephone" */ = {
			isa = XCConfigurationList;
			buildConfigurations = (
				97B84C201B487398001C854C /* Debug */,
				97B84C211B487398001C854C /* Release */,
			);
			defaultConfigurationIsVisible = 0;
			defaultConfigurationName = Release;
		};
		97B84C221B487398001C854C /* Build configuration list for PBXNativeTarget "TelephoneTests" */ = {
			isa = XCConfigurationList;
			buildConfigurations = (
				97B84C231B487398001C854C /* Debug */,
				97B84C241B487398001C854C /* Release */,
			);
			defaultConfigurationIsVisible = 0;
			defaultConfigurationName = Release;
		};
/* End XCConfigurationList section */
	};
	rootObject = 97B84BF41B487398001C854C /* Project object */;
}
